
Microsoft Visual Studio Solution File, Format Version 12.00
# Visual Studio 15
VisualStudioVersion = 15.0.26730.16
MinimumVisualStudioVersion = 10.0.40219.1
Project("{888888A0-9F3D-457C-B088-3A5042F75D52}") = "EuclideanAlgorithm", "EuclideanAlgorithm\EuclideanAlgorithm.pyproj", "{036296E2-A3E9-4A58-9652-AEE893C82744}"
EndProject
Global
	GlobalSection(SolutionConfigurationPlatforms) = preSolution
		Debug|Any CPU = Debug|Any CPU
		Release|Any CPU = Release|Any CPU
	EndGlobalSection
	GlobalSection(ProjectConfigurationPlatforms) = postSolution
		{036296E2-A3E9-4A58-9652-AEE893C82744}.Debug|Any CPU.ActiveCfg = Debug|Any CPU
		{036296E2-A3E9-4A58-9652-AEE893C82744}.Release|Any CPU.ActiveCfg = Release|Any CPU
	EndGlobalSection
	GlobalSection(SolutionProperties) = preSolution
		HideSolutionNode = FALSE
	EndGlobalSection
	GlobalSection(ExtensibilityGlobals) = postSolution
		SolutionGuid = {2CED5FBE-E408-4060-B7E2-3BA43C28FB08}
	EndGlobalSection
EndGlobal
